
Microsoft Visual Studio Solution File, Format Version 12.00
# Visual Studio Version 17
VisualStudioVersion = 17.8.34525.116
MinimumVisualStudioVersion = 10.0.40219.1
Project("{9A19103F-16F7-4668-BE54-9A1E7A4F7556}") = "IDS.TextPlus.FCSEndpoint", "IDS.TextPlus.FCSEndpoint.csproj", "{F73E9FE8-D50A-4000-8994-DB6B74AF6BFF}"
EndProject
Project("{9A19103F-16F7-4668-BE54-9A1E7A4F7556}") = "TFRES.DotNet6", "..\..\..\..\Projekte-Kooperation\TfresWebserver\TFRES.DotNet6\TFRES.DotNet6.csproj", "{2EFEA9FB-DC6A-47C0-B18C-7141B5825453}"
EndProject
Project("{9A19103F-16F7-4668-BE54-9A1E7A4F7556}") = "IDS.TextPlus.FCSEndpoint.Indexer", "..\IDS.TextPlus.FCSEndpoint.Indexer\IDS.TextPlus.FCSEndpoint.Indexer.csproj", "{5DFBE14A-99FB-4E5F-B427-412E431A200F}"
EndProject
Project("{FAE04EC0-301F-11D3-BF4B-00C04F79EFBC}") = "Test.Fcs2MeilisearchTranslation", "..\Test.Fcs2MeilisearchTranslation\Test.Fcs2MeilisearchTranslation.csproj", "{FA73D25D-D912-427C-BA4B-9D399F14726A}"
EndProject
Project("{FAE04EC0-301F-11D3-BF4B-00C04F79EFBC}") = "TestApp", "..\TestApp\TestApp.csproj", "{436B3597-13FB-47C5-9A5A-54714459E66A}"
EndProject
Global
	GlobalSection(SolutionConfigurationPlatforms) = preSolution
		Debug|Any CPU = Debug|Any CPU
		Release|Any CPU = Release|Any CPU
	EndGlobalSection
	GlobalSection(ProjectConfigurationPlatforms) = postSolution
		{F73E9FE8-D50A-4000-8994-DB6B74AF6BFF}.Debug|Any CPU.ActiveCfg = Debug|Any CPU
		{F73E9FE8-D50A-4000-8994-DB6B74AF6BFF}.Debug|Any CPU.Build.0 = Debug|Any CPU
		{F73E9FE8-D50A-4000-8994-DB6B74AF6BFF}.Release|Any CPU.ActiveCfg = Release|Any CPU
		{F73E9FE8-D50A-4000-8994-DB6B74AF6BFF}.Release|Any CPU.Build.0 = Release|Any CPU
		{2EFEA9FB-DC6A-47C0-B18C-7141B5825453}.Debug|Any CPU.ActiveCfg = Debug|Any CPU
		{2EFEA9FB-DC6A-47C0-B18C-7141B5825453}.Debug|Any CPU.Build.0 = Debug|Any CPU
		{2EFEA9FB-DC6A-47C0-B18C-7141B5825453}.Release|Any CPU.ActiveCfg = Release|Any CPU
		{2EFEA9FB-DC6A-47C0-B18C-7141B5825453}.Release|Any CPU.Build.0 = Release|Any CPU
		{5DFBE14A-99FB-4E5F-B427-412E431A200F}.Debug|Any CPU.ActiveCfg = Debug|Any CPU
		{5DFBE14A-99FB-4E5F-B427-412E431A200F}.Debug|Any CPU.Build.0 = Debug|Any CPU
		{5DFBE14A-99FB-4E5F-B427-412E431A200F}.Release|Any CPU.ActiveCfg = Release|Any CPU
		{5DFBE14A-99FB-4E5F-B427-412E431A200F}.Release|Any CPU.Build.0 = Release|Any CPU
		{FA73D25D-D912-427C-BA4B-9D399F14726A}.Debug|Any CPU.ActiveCfg = Debug|Any CPU
		{FA73D25D-D912-427C-BA4B-9D399F14726A}.Debug|Any CPU.Build.0 = Debug|Any CPU
		{FA73D25D-D912-427C-BA4B-9D399F14726A}.Release|Any CPU.ActiveCfg = Release|Any CPU
		{FA73D25D-D912-427C-BA4B-9D399F14726A}.Release|Any CPU.Build.0 = Release|Any CPU
		{436B3597-13FB-47C5-9A5A-54714459E66A}.Debug|Any CPU.ActiveCfg = Debug|Any CPU
		{436B3597-13FB-47C5-9A5A-54714459E66A}.Debug|Any CPU.Build.0 = Debug|Any CPU
		{436B3597-13FB-47C5-9A5A-54714459E66A}.Release|Any CPU.ActiveCfg = Release|Any CPU
		{436B3597-13FB-47C5-9A5A-54714459E66A}.Release|Any CPU.Build.0 = Release|Any CPU
	EndGlobalSection
	GlobalSection(SolutionProperties) = preSolution
		HideSolutionNode = FALSE
	EndGlobalSection
	GlobalSection(ExtensibilityGlobals) = postSolution
		SolutionGuid = {9EAD859A-89F6-49BE-91F9-47EC8757ED74}
	EndGlobalSection
EndGlobal
